
Microsoft Visual Studio Solution File, Format Version 12.00
# Visual Studio Version 16
VisualStudioVersion = 16.0.30523.141
MinimumVisualStudioVersion = 10.0.40219.1
Project("{FAE04EC0-301F-11D3-BF4B-00C04F79EFBC}") = "WiredBrainCoffee.ShopInfoTool", "WiredBrainCoffee.ShopInfoTool\WiredBrainCoffee.ShopInfoTool.csproj", "{AC641A92-DD95-4B28-9AF6-C3B7DCD8AB27}"
EndProject
Global
	GlobalSection(SolutionConfigurationPlatforms) = preSolution
		Debug|Any CPU = Debug|Any CPU
		Release|Any CPU = Release|Any CPU
	EndGlobalSection
	GlobalSection(ProjectConfigurationPlatforms) = postSolution
		{AC641A92-DD95-4B28-9AF6-C3B7DCD8AB27}.Debug|Any CPU.ActiveCfg = Debug|Any CPU
		{AC641A92-DD95-4B28-9AF6-C3B7DCD8AB27}.Debug|Any CPU.Build.0 = Debug|Any CPU
		{AC641A92-DD95-4B28-9AF6-C3B7DCD8AB27}.Release|Any CPU.ActiveCfg = Release|Any CPU
		{AC641A92-DD95-4B28-9AF6-C3B7DCD8AB27}.Release|Any CPU.Build.0 = Release|Any CPU
	EndGlobalSection
	GlobalSection(SolutionProperties) = preSolution
		HideSolutionNode = FALSE
	EndGlobalSection
	GlobalSection(ExtensibilityGlobals) = postSolution
		SolutionGuid = {A3F7F438-5AAF-4963-84FE-545421EC52B2}
	EndGlobalSection
EndGlobal
